
Microsoft Visual Studio Solution File, Format Version 12.00
# Visual Studio 15
VisualStudioVersion = 15.0.28307.489
MinimumVisualStudioVersion = 10.0.40219.1
Project("{FAE04EC0-301F-11D3-BF4B-00C04F79EFBC}") = "Athena.Website", "Athena.Website\Athena.Website.csproj", "{CA56D70D-FD5E-429B-BF37-FC2C08CB0AFB}"
EndProject
Global
	GlobalSection(SolutionConfigurationPlatforms) = preSolution
		Debug|Any CPU = Debug|Any CPU
		Release|Any CPU = Release|Any CPU
	EndGlobalSection
	GlobalSection(ProjectConfigurationPlatforms) = postSolution
		{CA56D70D-FD5E-429B-BF37-FC2C08CB0AFB}.Debug|Any CPU.ActiveCfg = Debug|Any CPU
		{CA56D70D-FD5E-429B-BF37-FC2C08CB0AFB}.Debug|Any CPU.Build.0 = Debug|Any CPU
		{CA56D70D-FD5E-429B-BF37-FC2C08CB0AFB}.Release|Any CPU.ActiveCfg = Release|Any CPU
		{CA56D70D-FD5E-429B-BF37-FC2C08CB0AFB}.Release|Any CPU.Build.0 = Release|Any CPU
	EndGlobalSection
	GlobalSection(SolutionProperties) = preSolution
		HideSolutionNode = FALSE
	EndGlobalSection
	GlobalSection(ExtensibilityGlobals) = postSolution
		SolutionGuid = {71A3E622-706D-44BF-B0A4-B1479E47FFB5}
	EndGlobalSection
EndGlobal
